
Microsoft Visual Studio Solution File, Format Version 12.00
# Visual Studio Version 17
VisualStudioVersion = 17.14.36705.20
MinimumVisualStudioVersion = 10.0.40219.1
Project("{FAE04EC0-301F-11D3-BF4B-00C04F79EFBC}") = "Messaging.Common", "Messaging.Common.csproj", "{F9395334-CDCE-47F8-84D5-116354B82B3C}"
EndProject
Project("{FAE04EC0-301F-11D3-BF4B-00C04F79EFBC}") = "Order.API", "Order.API\Order.API.csproj", "{AE1BCB09-24CA-D326-7165-40629B7900EA}"
EndProject
Project("{FAE04EC0-301F-11D3-BF4B-00C04F79EFBC}") = "Payment.API", "Payment.API\Payment.API.csproj", "{34C307AA-CFF9-0765-2149-3B6BAD2461B5}"
EndProject
Global
	GlobalSection(SolutionConfigurationPlatforms) = preSolution
		Debug|Any CPU = Debug|Any CPU
		Release|Any CPU = Release|Any CPU
	EndGlobalSection
	GlobalSection(ProjectConfigurationPlatforms) = postSolution
		{F9395334-CDCE-47F8-84D5-116354B82B3C}.Debug|Any CPU.ActiveCfg = Debug|Any CPU
		{F9395334-CDCE-47F8-84D5-116354B82B3C}.Debug|Any CPU.Build.0 = Debug|Any CPU
		{F9395334-CDCE-47F8-84D5-116354B82B3C}.Release|Any CPU.ActiveCfg = Release|Any CPU
		{F9395334-CDCE-47F8-84D5-116354B82B3C}.Release|Any CPU.Build.0 = Release|Any CPU
		{AE1BCB09-24CA-D326-7165-40629B7900EA}.Debug|Any CPU.ActiveCfg = Debug|Any CPU
		{AE1BCB09-24CA-D326-7165-40629B7900EA}.Debug|Any CPU.Build.0 = Debug|Any CPU
		{AE1BCB09-24CA-D326-7165-40629B7900EA}.Release|Any CPU.ActiveCfg = Release|Any CPU
		{AE1BCB09-24CA-D326-7165-40629B7900EA}.Release|Any CPU.Build.0 = Release|Any CPU
		{34C307AA-CFF9-0765-2149-3B6BAD2461B5}.Debug|Any CPU.ActiveCfg = Debug|Any CPU
		{34C307AA-CFF9-0765-2149-3B6BAD2461B5}.Debug|Any CPU.Build.0 = Debug|Any CPU
		{34C307AA-CFF9-0765-2149-3B6BAD2461B5}.Release|Any CPU.ActiveCfg = Release|Any CPU
		{34C307AA-CFF9-0765-2149-3B6BAD2461B5}.Release|Any CPU.Build.0 = Release|Any CPU
	EndGlobalSection
	GlobalSection(SolutionProperties) = preSolution
		HideSolutionNode = FALSE
	EndGlobalSection
	GlobalSection(ExtensibilityGlobals) = postSolution
		SolutionGuid = {03FBDDEF-4DF4-4BBB-8BED-967876326834}
	EndGlobalSection
EndGlobal
